
Microsoft Visual Studio Solution File, Format Version 12.00
# Visual Studio Version 17
VisualStudioVersion = 17.9.34723.18
MinimumVisualStudioVersion = 10.0.40219.1
Project("{9A19103F-16F7-4668-BE54-9A1E7A4F7556}") = "Grannys_yarns_API", "Grannys_yarns_API.csproj", "{45599497-F874-4949-87D8-058B55799192}"
EndProject
Project("{FAE04EC0-301F-11D3-BF4B-00C04F79EFBC}") = "Grannys_yarns_Tests", "..\Grannys_yarns_Tests\Grannys_yarns_Tests.csproj", "{3A5DD8F9-B535-47A7-B020-080D93BF4BBD}"
EndProject
Global
	GlobalSection(SolutionConfigurationPlatforms) = preSolution
		Debug|Any CPU = Debug|Any CPU
		Release|Any CPU = Release|Any CPU
	EndGlobalSection
	GlobalSection(ProjectConfigurationPlatforms) = postSolution
		{45599497-F874-4949-87D8-058B55799192}.Debug|Any CPU.ActiveCfg = Debug|Any CPU
		{45599497-F874-4949-87D8-058B55799192}.Debug|Any CPU.Build.0 = Debug|Any CPU
		{45599497-F874-4949-87D8-058B55799192}.Release|Any CPU.ActiveCfg = Release|Any CPU
		{45599497-F874-4949-87D8-058B55799192}.Release|Any CPU.Build.0 = Release|Any CPU
		{3A5DD8F9-B535-47A7-B020-080D93BF4BBD}.Debug|Any CPU.ActiveCfg = Debug|Any CPU
		{3A5DD8F9-B535-47A7-B020-080D93BF4BBD}.Debug|Any CPU.Build.0 = Debug|Any CPU
		{3A5DD8F9-B535-47A7-B020-080D93BF4BBD}.Release|Any CPU.ActiveCfg = Release|Any CPU
		{3A5DD8F9-B535-47A7-B020-080D93BF4BBD}.Release|Any CPU.Build.0 = Release|Any CPU
	EndGlobalSection
	GlobalSection(SolutionProperties) = preSolution
		HideSolutionNode = FALSE
	EndGlobalSection
	GlobalSection(ExtensibilityGlobals) = postSolution
		SolutionGuid = {4F106974-18FF-4DC6-8AA0-F9559B52EAC4}
	EndGlobalSection
EndGlobal
